// !$*UTF8*$!
{
	archiveVersion = 1;
	classes = {
	};
	objectVersion = 50;
	objects = {

/* Begin PBXBuildFile section */
		0C2A8F41B6A0789498808394 /* Pods_Poke_team.framework in Frameworks */ = {isa = PBXBuildFile; fileRef = AD425543431E25910F2AFF13 /* Pods_Poke_team.framework */; };
		4BCA728A0A352AF9971F9292 /* Pods_Poke_teamTests.framework in Frameworks */ = {isa = PBXBuildFile; fileRef = FAF190EF30376F4871692FCF /* Pods_Poke_teamTests.framework */; };
		BE2FB98A21CA05370041A62C /* AppDelegate.swift in Sources */ = {isa = PBXBuildFile; fileRef = BE2FB98921CA05370041A62C /* AppDelegate.swift */; };
		BE2FB99421CA05390041A62C /* Assets.xcassets in Resources */ = {isa = PBXBuildFile; fileRef = BE2FB99321CA05390041A62C /* Assets.xcassets */; };
		BE2FB99721CA05390041A62C /* LaunchScreen.storyboard in Resources */ = {isa = PBXBuildFile; fileRef = BE2FB99521CA05390041A62C /* LaunchScreen.storyboard */; };
		BE2FB9A221CA05390041A62C /* Poke_teamTests.swift in Sources */ = {isa = PBXBuildFile; fileRef = BE2FB9A121CA05390041A62C /* Poke_teamTests.swift */; };
		BE2FB9B121CA06550041A62C /* PTListAllPokemonViewController.swift in Sources */ = {isa = PBXBuildFile; fileRef = BE2FB9AF21CA06550041A62C /* PTListAllPokemonViewController.swift */; };
		BE2FB9B221CA06550041A62C /* PTListAllPokemonViewController.xib in Resources */ = {isa = PBXBuildFile; fileRef = BE2FB9B021CA06550041A62C /* PTListAllPokemonViewController.xib */; };
		BE2FB9B521CA08000041A62C /* PTPokeAPIDataSource.swift in Sources */ = {isa = PBXBuildFile; fileRef = BE2FB9B421CA08000041A62C /* PTPokeAPIDataSource.swift */; };
		BE2FB9B821CA08140041A62C /* PTPokemon.swift in Sources */ = {isa = PBXBuildFile; fileRef = BE2FB9B721CA08140041A62C /* PTPokemon.swift */; };
		BE8B293821CB173600D884BC /* PTPokemonTableViewCell.swift in Sources */ = {isa = PBXBuildFile; fileRef = BE8B293621CB173600D884BC /* PTPokemonTableViewCell.swift */; };
		BE8B293921CB173600D884BC /* PTPokemonTableViewCell.xib in Resources */ = {isa = PBXBuildFile; fileRef = BE8B293721CB173600D884BC /* PTPokemonTableViewCell.xib */; };
		BE8B293C21CB18BF00D884BC /* PTImageCacheManager.swift in Sources */ = {isa = PBXBuildFile; fileRef = BE8B293B21CB18BF00D884BC /* PTImageCacheManager.swift */; };
		BE8B293E21CB386C00D884BC /* PTTrainer.swift in Sources */ = {isa = PBXBuildFile; fileRef = BE8B293D21CB386C00D884BC /* PTTrainer.swift */; };
		BE8B294121CB38CB00D884BC /* PTListAllTrainersViewController.swift in Sources */ = {isa = PBXBuildFile; fileRef = BE8B293F21CB38CB00D884BC /* PTListAllTrainersViewController.swift */; };
		BE8B294221CB38CB00D884BC /* PTListAllTrainersViewController.xib in Resources */ = {isa = PBXBuildFile; fileRef = BE8B294021CB38CB00D884BC /* PTListAllTrainersViewController.xib */; };
		BE8B294721CB41DD00D884BC /* PTTrainerDetailsViewController.swift in Sources */ = {isa = PBXBuildFile; fileRef = BE8B294521CB41DD00D884BC /* PTTrainerDetailsViewController.swift */; };
		BE8B294821CB41DD00D884BC /* PTTrainerDetailsViewController.xib in Resources */ = {isa = PBXBuildFile; fileRef = BE8B294621CB41DD00D884BC /* PTTrainerDetailsViewController.xib */; };
		BE8D2EBC21CEF5A8002227F8 /* PTChoosePokemonViewController.swift in Sources */ = {isa = PBXBuildFile; fileRef = BE8D2EBB21CEF5A8002227F8 /* PTChoosePokemonViewController.swift */; };
		BE9F2E7C21CB4A2E00AFCF8E /* PTTableViewSection.swift in Sources */ = {isa = PBXBuildFile; fileRef = BE9F2E7B21CB4A2E00AFCF8E /* PTTableViewSection.swift */; };
		BE9F2E7E21CB4B6D00AFCF8E /* PTConstants.swift in Sources */ = {isa = PBXBuildFile; fileRef = BE9F2E7D21CB4B6D00AFCF8E /* PTConstants.swift */; };
		BEA112B221CC596200A376B3 /* PTLoadDataViewController.swift in Sources */ = {isa = PBXBuildFile; fileRef = BEA112B021CC596200A376B3 /* PTLoadDataViewController.swift */; };
		BEA112B321CC596200A376B3 /* PTLoadDataViewController.xib in Resources */ = {isa = PBXBuildFile; fileRef = BEA112B121CC596200A376B3 /* PTLoadDataViewController.xib */; };
		BEA112B721CC5BC100A376B3 /* PTStorageDataSource.swift in Sources */ = {isa = PBXBuildFile; fileRef = BEA112B621CC5BC100A376B3 /* PTStorageDataSource.swift */; };
		BEA112BA21CC5D2A00A376B3 /* PTPokemonAbility.swift in Sources */ = {isa = PBXBuildFile; fileRef = BEA112B921CC5D2A00A376B3 /* PTPokemonAbility.swift */; };
		BEA112BD21CC5F6800A376B3 /* PTGame.swift in Sources */ = {isa = PBXBuildFile; fileRef = BEA112BC21CC5F6800A376B3 /* PTGame.swift */; };
		BEA112BF21CC617B00A376B3 /* PTPokemonSprites.swift in Sources */ = {isa = PBXBuildFile; fileRef = BEA112BE21CC617B00A376B3 /* PTPokemonSprites.swift */; };
		BEA112C121CC62B200A376B3 /* PTPokemonStat.swift in Sources */ = {isa = PBXBuildFile; fileRef = BEA112C021CC62B200A376B3 /* PTPokemonStat.swift */; };
		BEA112C321CC845400A376B3 /* PTPokemonType.swift in Sources */ = {isa = PBXBuildFile; fileRef = BEA112C221CC845400A376B3 /* PTPokemonType.swift */; };
		BEA112C621CC858C00A376B3 /* PTNetworkingRequestManager.swift in Sources */ = {isa = PBXBuildFile; fileRef = BEA112C521CC858C00A376B3 /* PTNetworkingRequestManager.swift */; };
		BEA112C821CC859400A376B3 /* PTNetworkingRequest.swift in Sources */ = {isa = PBXBuildFile; fileRef = BEA112C721CC859400A376B3 /* PTNetworkingRequest.swift */; };
		BEA112CA21CC952800A376B3 /* PTInternalObject.swift in Sources */ = {isa = PBXBuildFile; fileRef = BEA112C921CC952800A376B3 /* PTInternalObject.swift */; };
/* End PBXBuildFile section */

/* Begin PBXContainerItemProxy section */
		BE2FB99E21CA05390041A62C /* PBXContainerItemProxy */ = {
			isa = PBXContainerItemProxy;
			containerPortal = BE2FB97E21CA05370041A62C /* Project object */;
			proxyType = 1;
			remoteGlobalIDString = BE2FB98521CA05370041A62C;
			remoteInfo = "Pokéteam";
		};
/* End PBXContainerItemProxy section */

/* Begin PBXFileReference section */
		55709BEF194AF60DC0BD3003 /* Pods-PokéteamTests.debug.xcconfig */ = {isa = PBXFileReference; includeInIndex = 1; lastKnownFileType = text.xcconfig; name = "Pods-PokéteamTests.debug.xcconfig"; path = "Pods/Target Support Files/Pods-PokéteamTests/Pods-PokéteamTests.debug.xcconfig"; sourceTree = "<group>"; };
		A353B98C169B421D3B900873 /* Pods-Pokéteam.release.xcconfig */ = {isa = PBXFileReference; includeInIndex = 1; lastKnownFileType = text.xcconfig; name = "Pods-Pokéteam.release.xcconfig"; path = "Pods/Target Support Files/Pods-Pokéteam/Pods-Pokéteam.release.xcconfig"; sourceTree = "<group>"; };
		AD425543431E25910F2AFF13 /* Pods_Poke_team.framework */ = {isa = PBXFileReference; explicitFileType = wrapper.framework; includeInIndex = 0; path = Pods_Poke_team.framework; sourceTree = BUILT_PRODUCTS_DIR; };
		BE2FB98621CA05370041A62C /* Pokéteam.app */ = {isa = PBXFileReference; explicitFileType = wrapper.application; includeInIndex = 0; path = "Pokéteam.app"; sourceTree = BUILT_PRODUCTS_DIR; };
		BE2FB98921CA05370041A62C /* AppDelegate.swift */ = {isa = PBXFileReference; lastKnownFileType = sourcecode.swift; path = AppDelegate.swift; sourceTree = "<group>"; };
		BE2FB99321CA05390041A62C /* Assets.xcassets */ = {isa = PBXFileReference; lastKnownFileType = folder.assetcatalog; path = Assets.xcassets; sourceTree = "<group>"; };
		BE2FB99621CA05390041A62C /* Base */ = {isa = PBXFileReference; lastKnownFileType = file.storyboard; name = Base; path = Base.lproj/LaunchScreen.storyboard; sourceTree = "<group>"; };
		BE2FB99821CA05390041A62C /* Info.plist */ = {isa = PBXFileReference; lastKnownFileType = text.plist.xml; path = Info.plist; sourceTree = "<group>"; };
		BE2FB99D21CA05390041A62C /* PokéteamTests.xctest */ = {isa = PBXFileReference; explicitFileType = wrapper.cfbundle; includeInIndex = 0; path = "PokéteamTests.xctest"; sourceTree = BUILT_PRODUCTS_DIR; };
		BE2FB9A121CA05390041A62C /* Poke_teamTests.swift */ = {isa = PBXFileReference; lastKnownFileType = sourcecode.swift; path = Poke_teamTests.swift; sourceTree = "<group>"; };
		BE2FB9A321CA05390041A62C /* Info.plist */ = {isa = PBXFileReference; lastKnownFileType = text.plist.xml; path = Info.plist; sourceTree = "<group>"; };
		BE2FB9AF21CA06550041A62C /* PTListAllPokemonViewController.swift */ = {isa = PBXFileReference; lastKnownFileType = sourcecode.swift; path = PTListAllPokemonViewController.swift; sourceTree = "<group>"; };
		BE2FB9B021CA06550041A62C /* PTListAllPokemonViewController.xib */ = {isa = PBXFileReference; lastKnownFileType = file.xib; path = PTListAllPokemonViewController.xib; sourceTree = "<group>"; };
		BE2FB9B421CA08000041A62C /* PTPokeAPIDataSource.swift */ = {isa = PBXFileReference; lastKnownFileType = sourcecode.swift; path = PTPokeAPIDataSource.swift; sourceTree = "<group>"; };
		BE2FB9B721CA08140041A62C /* PTPokemon.swift */ = {isa = PBXFileReference; lastKnownFileType = sourcecode.swift; path = PTPokemon.swift; sourceTree = "<group>"; };
		BE8B293621CB173600D884BC /* PTPokemonTableViewCell.swift */ = {isa = PBXFileReference; lastKnownFileType = sourcecode.swift; path = PTPokemonTableViewCell.swift; sourceTree = "<group>"; };
		BE8B293721CB173600D884BC /* PTPokemonTableViewCell.xib */ = {isa = PBXFileReference; lastKnownFileType = file.xib; path = PTPokemonTableViewCell.xib; sourceTree = "<group>"; };
		BE8B293B21CB18BF00D884BC /* PTImageCacheManager.swift */ = {isa = PBXFileReference; lastKnownFileType = sourcecode.swift; path = PTImageCacheManager.swift; sourceTree = "<group>"; };
		BE8B293D21CB386C00D884BC /* PTTrainer.swift */ = {isa = PBXFileReference; lastKnownFileType = sourcecode.swift; path = PTTrainer.swift; sourceTree = "<group>"; };
		BE8B293F21CB38CB00D884BC /* PTListAllTrainersViewController.swift */ = {isa = PBXFileReference; lastKnownFileType = sourcecode.swift; path = PTListAllTrainersViewController.swift; sourceTree = "<group>"; };
		BE8B294021CB38CB00D884BC /* PTListAllTrainersViewController.xib */ = {isa = PBXFileReference; lastKnownFileType = file.xib; path = PTListAllTrainersViewController.xib; sourceTree = "<group>"; };
		BE8B294521CB41DD00D884BC /* PTTrainerDetailsViewController.swift */ = {isa = PBXFileReference; lastKnownFileType = sourcecode.swift; path = PTTrainerDetailsViewController.swift; sourceTree = "<group>"; };
		BE8B294621CB41DD00D884BC /* PTTrainerDetailsViewController.xib */ = {isa = PBXFileReference; lastKnownFileType = file.xib; path = PTTrainerDetailsViewController.xib; sourceTree = "<group>"; };
		BE8D2EBB21CEF5A8002227F8 /* PTChoosePokemonViewController.swift */ = {isa = PBXFileReference; lastKnownFileType = sourcecode.swift; path = PTChoosePokemonViewController.swift; sourceTree = "<group>"; };
		BE9F2E7B21CB4A2E00AFCF8E /* PTTableViewSection.swift */ = {isa = PBXFileReference; lastKnownFileType = sourcecode.swift; path = PTTableViewSection.swift; sourceTree = "<group>"; };
		BE9F2E7D21CB4B6D00AFCF8E /* PTConstants.swift */ = {isa = PBXFileReference; lastKnownFileType = sourcecode.swift; path = PTConstants.swift; sourceTree = "<group>"; };
		BEA112B021CC596200A376B3 /* PTLoadDataViewController.swift */ = {isa = PBXFileReference; lastKnownFileType = sourcecode.swift; path = PTLoadDataViewController.swift; sourceTree = "<group>"; };
		BEA112B121CC596200A376B3 /* PTLoadDataViewController.xib */ = {isa = PBXFileReference; lastKnownFileType = file.xib; path = PTLoadDataViewController.xib; sourceTree = "<group>"; };
		BEA112B621CC5BC100A376B3 /* PTStorageDataSource.swift */ = {isa = PBXFileReference; lastKnownFileType = sourcecode.swift; path = PTStorageDataSource.swift; sourceTree = "<group>"; };
		BEA112B921CC5D2A00A376B3 /* PTPokemonAbility.swift */ = {isa = PBXFileReference; lastKnownFileType = sourcecode.swift; path = PTPokemonAbility.swift; sourceTree = "<group>"; };
		BEA112BC21CC5F6800A376B3 /* PTGame.swift */ = {isa = PBXFileReference; lastKnownFileType = sourcecode.swift; path = PTGame.swift; sourceTree = "<group>"; };
		BEA112BE21CC617B00A376B3 /* PTPokemonSprites.swift */ = {isa = PBXFileReference; lastKnownFileType = sourcecode.swift; path = PTPokemonSprites.swift; sourceTree = "<group>"; };
		BEA112C021CC62B200A376B3 /* PTPokemonStat.swift */ = {isa = PBXFileReference; lastKnownFileType = sourcecode.swift; path = PTPokemonStat.swift; sourceTree = "<group>"; };
		BEA112C221CC845400A376B3 /* PTPokemonType.swift */ = {isa = PBXFileReference; lastKnownFileType = sourcecode.swift; path = PTPokemonType.swift; sourceTree = "<group>"; };
		BEA112C521CC858C00A376B3 /* PTNetworkingRequestManager.swift */ = {isa = PBXFileReference; lastKnownFileType = sourcecode.swift; path = PTNetworkingRequestManager.swift; sourceTree = "<group>"; };
		BEA112C721CC859400A376B3 /* PTNetworkingRequest.swift */ = {isa = PBXFileReference; lastKnownFileType = sourcecode.swift; path = PTNetworkingRequest.swift; sourceTree = "<group>"; };
		BEA112C921CC952800A376B3 /* PTInternalObject.swift */ = {isa = PBXFileReference; lastKnownFileType = sourcecode.swift; path = PTInternalObject.swift; sourceTree = "<group>"; };
		F920D4C693B301E87B90CBB0 /* Pods-PokéteamTests.release.xcconfig */ = {isa = PBXFileReference; includeInIndex = 1; lastKnownFileType = text.xcconfig; name = "Pods-PokéteamTests.release.xcconfig"; path = "Pods/Target Support Files/Pods-PokéteamTests/Pods-PokéteamTests.release.xcconfig"; sourceTree = "<group>"; };
		FAF190EF30376F4871692FCF /* Pods_Poke_teamTests.framework */ = {isa = PBXFileReference; explicitFileType = wrapper.framework; includeInIndex = 0; path = Pods_Poke_teamTests.framework; sourceTree = BUILT_PRODUCTS_DIR; };
		FB667DA836EA78175394A5D2 /* Pods-Pokéteam.debug.xcconfig */ = {isa = PBXFileReference; includeInIndex = 1; lastKnownFileType = text.xcconfig; name = "Pods-Pokéteam.debug.xcconfig"; path = "Pods/Target Support Files/Pods-Pokéteam/Pods-Pokéteam.debug.xcconfig"; sourceTree = "<group>"; };
/* End PBXFileReference section */

/* Begin PBXFrameworksBuildPhase section */
		BE2FB98321CA05370041A62C /* Frameworks */ = {
			isa = PBXFrameworksBuildPhase;
			buildActionMask = 2147483647;
			files = (
				0C2A8F41B6A0789498808394 /* Pods_Poke_team.framework in Frameworks */,
			);
			runOnlyForDeploymentPostprocessing = 0;
		};
		BE2FB99A21CA05390041A62C /* Frameworks */ = {
			isa = PBXFrameworksBuildPhase;
			buildActionMask = 2147483647;
			files = (
				4BCA728A0A352AF9971F9292 /* Pods_Poke_teamTests.framework in Frameworks */,
			);
			runOnlyForDeploymentPostprocessing = 0;
		};
/* End PBXFrameworksBuildPhase section */

/* Begin PBXGroup section */
		92E548C19AD18DD25D5713B6 /* Pods */ = {
			isa = PBXGroup;
			children = (
				FB667DA836EA78175394A5D2 /* Pods-Pokéteam.debug.xcconfig */,
				A353B98C169B421D3B900873 /* Pods-Pokéteam.release.xcconfig */,
				55709BEF194AF60DC0BD3003 /* Pods-PokéteamTests.debug.xcconfig */,
				F920D4C693B301E87B90CBB0 /* Pods-PokéteamTests.release.xcconfig */,
			);
			name = Pods;
			sourceTree = "<group>";
		};
		A1FF19991B590CFD70689778 /* Frameworks */ = {
			isa = PBXGroup;
			children = (
				AD425543431E25910F2AFF13 /* Pods_Poke_team.framework */,
				FAF190EF30376F4871692FCF /* Pods_Poke_teamTests.framework */,
			);
			name = Frameworks;
			sourceTree = "<group>";
		};
		BE2FB97D21CA05370041A62C = {
			isa = PBXGroup;
			children = (
				BE2FB98821CA05370041A62C /* Pokéteam */,
				BE2FB9A021CA05390041A62C /* PokéteamTests */,
				BE2FB98721CA05370041A62C /* Products */,
				92E548C19AD18DD25D5713B6 /* Pods */,
				A1FF19991B590CFD70689778 /* Frameworks */,
			);
			sourceTree = "<group>";
		};
		BE2FB98721CA05370041A62C /* Products */ = {
			isa = PBXGroup;
			children = (
				BE2FB98621CA05370041A62C /* Pokéteam.app */,
				BE2FB99D21CA05390041A62C /* PokéteamTests.xctest */,
			);
			name = Products;
			sourceTree = "<group>";
		};
		BE2FB98821CA05370041A62C /* Pokéteam */ = {
			isa = PBXGroup;
			children = (
				BEA112C421CC857600A376B3 /* Networking */,
				BE2FB9AD21CA06370041A62C /* AppDelegate */,
				BE2FB9B321CA07D10041A62C /* DataSource */,
				BE8B293A21CB18AC00D884BC /* Image Cache */,
				BE2FB9B621CA08070041A62C /* Objects */,
				BE2FB9AC21CA062B0041A62C /* Supporting Files */,
				BE8B293421CB16FC00D884BC /* Table Views */,
				BE2FB9AE21CA063F0041A62C /* View Controllers */,
				BE9F2E7D21CB4B6D00AFCF8E /* PTConstants.swift */,
			);
			path = "Pokéteam";
			sourceTree = "<group>";
		};
		BE2FB9A021CA05390041A62C /* PokéteamTests */ = {
			isa = PBXGroup;
			children = (
				BE2FB9A121CA05390041A62C /* Poke_teamTests.swift */,
				BE2FB9A321CA05390041A62C /* Info.plist */,
			);
			path = "PokéteamTests";
			sourceTree = "<group>";
		};
		BE2FB9AC21CA062B0041A62C /* Supporting Files */ = {
			isa = PBXGroup;
			children = (
				BE2FB99321CA05390041A62C /* Assets.xcassets */,
				BE2FB99521CA05390041A62C /* LaunchScreen.storyboard */,
				BE2FB99821CA05390041A62C /* Info.plist */,
			);
			path = "Supporting Files";
			sourceTree = "<group>";
		};
		BE2FB9AD21CA06370041A62C /* AppDelegate */ = {
			isa = PBXGroup;
			children = (
				BE2FB98921CA05370041A62C /* AppDelegate.swift */,
			);
			path = AppDelegate;
			sourceTree = "<group>";
		};
		BE2FB9AE21CA063F0041A62C /* View Controllers */ = {
			isa = PBXGroup;
			children = (
				BE8D2EB921CEF4DF002227F8 /* Pokemon List */,
				BEA112AF21CC594A00A376B3 /* Loading */,
				BE8B294421CB41CC00D884BC /* Trainer Details */,
				BE8B294321CB38FA00D884BC /* List All Trainers */,
			);
			path = "View Controllers";
			sourceTree = "<group>";
		};
		BE2FB9B321CA07D10041A62C /* DataSource */ = {
			isa = PBXGroup;
			children = (
				BEA112B521CC5BAB00A376B3 /* Storage */,
				BEA112B421CC5BA700A376B3 /* API */,
			);
			path = DataSource;
			sourceTree = "<group>";
		};
		BE2FB9B621CA08070041A62C /* Objects */ = {
			isa = PBXGroup;
			children = (
				BEA112BB21CC5F6000A376B3 /* Games */,
				BEA112B821CC5CB100A376B3 /* Pokemon */,
				BE8B293D21CB386C00D884BC /* PTTrainer.swift */,
				BEA112C921CC952800A376B3 /* PTInternalObject.swift */,
			);
			path = Objects;
			sourceTree = "<group>";
		};
		BE8B293321CB16ED00D884BC /* List All Pokemon */ = {
			isa = PBXGroup;
			children = (
				BE2FB9AF21CA06550041A62C /* PTListAllPokemonViewController.swift */,
				BE2FB9B021CA06550041A62C /* PTListAllPokemonViewController.xib */,
			);
			path = "List All Pokemon";
			sourceTree = "<group>";
		};
		BE8B293421CB16FC00D884BC /* Table Views */ = {
			isa = PBXGroup;
			children = (
				BE9F2E7A21CB4A1900AFCF8E /* Section */,
				BE9F2E7921CB4A1300AFCF8E /* Cells */,
			);
			path = "Table Views";
			sourceTree = "<group>";
		};
		BE8B293521CB171F00D884BC /* Pokemon cell */ = {
			isa = PBXGroup;
			children = (
				BE8B293621CB173600D884BC /* PTPokemonTableViewCell.swift */,
				BE8B293721CB173600D884BC /* PTPokemonTableViewCell.xib */,
			);
			path = "Pokemon cell";
			sourceTree = "<group>";
		};
		BE8B293A21CB18AC00D884BC /* Image Cache */ = {
			isa = PBXGroup;
			children = (
				BE8B293B21CB18BF00D884BC /* PTImageCacheManager.swift */,
			);
			path = "Image Cache";
			sourceTree = "<group>";
		};
		BE8B294321CB38FA00D884BC /* List All Trainers */ = {
			isa = PBXGroup;
			children = (
				BE8B293F21CB38CB00D884BC /* PTListAllTrainersViewController.swift */,
				BE8B294021CB38CB00D884BC /* PTListAllTrainersViewController.xib */,
			);
			path = "List All Trainers";
			sourceTree = "<group>";
		};
		BE8B294421CB41CC00D884BC /* Trainer Details */ = {
			isa = PBXGroup;
			children = (
				BE8B294521CB41DD00D884BC /* PTTrainerDetailsViewController.swift */,
				BE8B294621CB41DD00D884BC /* PTTrainerDetailsViewController.xib */,
			);
			path = "Trainer Details";
			sourceTree = "<group>";
		};
		BE8D2EB921CEF4DF002227F8 /* Pokemon List */ = {
			isa = PBXGroup;
			children = (
				BE8D2EBA21CEF517002227F8 /* Choose Pokemon */,
				BE8B293321CB16ED00D884BC /* List All Pokemon */,
			);
			path = "Pokemon List";
			sourceTree = "<group>";
		};
		BE8D2EBA21CEF517002227F8 /* Choose Pokemon */ = {
			isa = PBXGroup;
			children = (
				BE8D2EBB21CEF5A8002227F8 /* PTChoosePokemonViewController.swift */,
			);
			path = "Choose Pokemon";
			sourceTree = "<group>";
		};
		BE9F2E7921CB4A1300AFCF8E /* Cells */ = {
			isa = PBXGroup;
			children = (
				BE8B293521CB171F00D884BC /* Pokemon cell */,
			);
			path = Cells;
			sourceTree = "<group>";
		};
		BE9F2E7A21CB4A1900AFCF8E /* Section */ = {
			isa = PBXGroup;
			children = (
				BE9F2E7B21CB4A2E00AFCF8E /* PTTableViewSection.swift */,
			);
			path = Section;
			sourceTree = "<group>";
		};
		BEA112AF21CC594A00A376B3 /* Loading */ = {
			isa = PBXGroup;
			children = (
				BEA112B021CC596200A376B3 /* PTLoadDataViewController.swift */,
				BEA112B121CC596200A376B3 /* PTLoadDataViewController.xib */,
			);
			path = Loading;
			sourceTree = "<group>";
		};
		BEA112B421CC5BA700A376B3 /* API */ = {
			isa = PBXGroup;
			children = (
				BE2FB9B421CA08000041A62C /* PTPokeAPIDataSource.swift */,
			);
			path = API;
			sourceTree = "<group>";
		};
		BEA112B521CC5BAB00A376B3 /* Storage */ = {
			isa = PBXGroup;
			children = (
				BEA112B621CC5BC100A376B3 /* PTStorageDataSource.swift */,
			);
			path = Storage;
			sourceTree = "<group>";
		};
		BEA112B821CC5CB100A376B3 /* Pokemon */ = {
			isa = PBXGroup;
			children = (
				BE2FB9B721CA08140041A62C /* PTPokemon.swift */,
				BEA112B921CC5D2A00A376B3 /* PTPokemonAbility.swift */,
				BEA112BE21CC617B00A376B3 /* PTPokemonSprites.swift */,
				BEA112C021CC62B200A376B3 /* PTPokemonStat.swift */,
				BEA112C221CC845400A376B3 /* PTPokemonType.swift */,
			);
			path = Pokemon;
			sourceTree = "<group>";
		};
		BEA112BB21CC5F6000A376B3 /* Games */ = {
			isa = PBXGroup;
			children = (
				BEA112BC21CC5F6800A376B3 /* PTGame.swift */,
			);
			path = Games;
			sourceTree = "<group>";
		};
		BEA112C421CC857600A376B3 /* Networking */ = {
			isa = PBXGroup;
			children = (
				BEA112C521CC858C00A376B3 /* PTNetworkingRequestManager.swift */,
				BEA112C721CC859400A376B3 /* PTNetworkingRequest.swift */,
			);
			path = Networking;
			sourceTree = "<group>";
		};
/* End PBXGroup section */

/* Begin PBXNativeTarget section */
		BE2FB98521CA05370041A62C /* Pokéteam */ = {
			isa = PBXNativeTarget;
			buildConfigurationList = BE2FB9A621CA05390041A62C /* Build configuration list for PBXNativeTarget "Pokéteam" */;
			buildPhases = (
				E1DB071FC3770661753F38C8 /* [CP] Check Pods Manifest.lock */,
				BE2FB98221CA05370041A62C /* Sources */,
				BE2FB98321CA05370041A62C /* Frameworks */,
				BE2FB98421CA05370041A62C /* Resources */,
				5205710833A90832C3BE1DA0 /* [CP] Embed Pods Frameworks */,
			);
			buildRules = (
			);
			dependencies = (
			);
			name = "Pokéteam";
			productName = "Pokéteam";
			productReference = BE2FB98621CA05370041A62C /* Pokéteam.app */;
			productType = "com.apple.product-type.application";
		};
		BE2FB99C21CA05390041A62C /* PokéteamTests */ = {
			isa = PBXNativeTarget;
			buildConfigurationList = BE2FB9A921CA05390041A62C /* Build configuration list for PBXNativeTarget "PokéteamTests" */;
			buildPhases = (
				D5CC76BFFC6330A0263B320D /* [CP] Check Pods Manifest.lock */,
				BE2FB99921CA05390041A62C /* Sources */,
				BE2FB99A21CA05390041A62C /* Frameworks */,
				BE2FB99B21CA05390041A62C /* Resources */,
			);
			buildRules = (
			);
			dependencies = (
				BE2FB99F21CA05390041A62C /* PBXTargetDependency */,
			);
			name = "PokéteamTests";
			productName = "PokéteamTests";
			productReference = BE2FB99D21CA05390041A62C /* PokéteamTests.xctest */;
			productType = "com.apple.product-type.bundle.unit-test";
		};
/* End PBXNativeTarget section */

/* Begin PBXProject section */
		BE2FB97E21CA05370041A62C /* Project object */ = {
			isa = PBXProject;
			attributes = {
				LastSwiftUpdateCheck = 0940;
				LastUpgradeCheck = 0940;
				ORGANIZATIONNAME = "Laoba Labs";
				TargetAttributes = {
					BE2FB98521CA05370041A62C = {
						CreatedOnToolsVersion = 9.4.1;
					};
					BE2FB99C21CA05390041A62C = {
						CreatedOnToolsVersion = 9.4.1;
						TestTargetID = BE2FB98521CA05370041A62C;
					};
				};
			};
			buildConfigurationList = BE2FB98121CA05370041A62C /* Build configuration list for PBXProject "Pokéteam" */;
			compatibilityVersion = "Xcode 9.3";
			developmentRegion = en;
			hasScannedForEncodings = 0;
			knownRegions = (
				en,
				Base,
			);
			mainGroup = BE2FB97D21CA05370041A62C;
			productRefGroup = BE2FB98721CA05370041A62C /* Products */;
			projectDirPath = "";
			projectRoot = "";
			targets = (
				BE2FB98521CA05370041A62C /* Pokéteam */,
				BE2FB99C21CA05390041A62C /* PokéteamTests */,
			);
		};
/* End PBXProject section */

/* Begin PBXResourcesBuildPhase section */
		BE2FB98421CA05370041A62C /* Resources */ = {
			isa = PBXResourcesBuildPhase;
			buildActionMask = 2147483647;
			files = (
				BE2FB99721CA05390041A62C /* LaunchScreen.storyboard in Resources */,
				BE2FB99421CA05390041A62C /* Assets.xcassets in Resources */,
				BE2FB9B221CA06550041A62C /* PTListAllPokemonViewController.xib in Resources */,
				BE8B294221CB38CB00D884BC /* PTListAllTrainersViewController.xib in Resources */,
				BE8B293921CB173600D884BC /* PTPokemonTableViewCell.xib in Resources */,
				BEA112B321CC596200A376B3 /* PTLoadDataViewController.xib in Resources */,
				BE8B294821CB41DD00D884BC /* PTTrainerDetailsViewController.xib in Resources */,
			);
			runOnlyForDeploymentPostprocessing = 0;
		};
		BE2FB99B21CA05390041A62C /* Resources */ = {
			isa = PBXResourcesBuildPhase;
			buildActionMask = 2147483647;
			files = (
			);
			runOnlyForDeploymentPostprocessing = 0;
		};
/* End PBXResourcesBuildPhase section */

/* Begin PBXShellScriptBuildPhase section */
		5205710833A90832C3BE1DA0 /* [CP] Embed Pods Frameworks */ = {
			isa = PBXShellScriptBuildPhase;
			buildActionMask = 2147483647;
			files = (
			);
			inputPaths = (
				"${SRCROOT}/Pods/Target Support Files/Pods-Pokéteam/Pods-Pokéteam-frameworks.sh",
				"${BUILT_PRODUCTS_DIR}/Alamofire/Alamofire.framework",
				"${BUILT_PRODUCTS_DIR}/AlamofireImage/AlamofireImage.framework",
				"${BUILT_PRODUCTS_DIR}/Disk/Disk.framework",
			);
			name = "[CP] Embed Pods Frameworks";
			outputPaths = (
				"${TARGET_BUILD_DIR}/${FRAMEWORKS_FOLDER_PATH}/Alamofire.framework",
				"${TARGET_BUILD_DIR}/${FRAMEWORKS_FOLDER_PATH}/AlamofireImage.framework",
				"${TARGET_BUILD_DIR}/${FRAMEWORKS_FOLDER_PATH}/Disk.framework",
			);
			runOnlyForDeploymentPostprocessing = 0;
			shellPath = /bin/sh;
			shellScript = "\"${SRCROOT}/Pods/Target Support Files/Pods-Pokéteam/Pods-Pokéteam-frameworks.sh\"\n";
			showEnvVarsInLog = 0;
		};
		D5CC76BFFC6330A0263B320D /* [CP] Check Pods Manifest.lock */ = {
			isa = PBXShellScriptBuildPhase;
			buildActionMask = 2147483647;
			files = (
			);
			inputPaths = (
				"${PODS_PODFILE_DIR_PATH}/Podfile.lock",
				"${PODS_ROOT}/Manifest.lock",
			);
			name = "[CP] Check Pods Manifest.lock";
			outputPaths = (
				"$(DERIVED_FILE_DIR)/Pods-PokéteamTests-checkManifestLockResult.txt",
			);
			runOnlyForDeploymentPostprocessing = 0;
			shellPath = /bin/sh;
			shellScript = "diff \"${PODS_PODFILE_DIR_PATH}/Podfile.lock\" \"${PODS_ROOT}/Manifest.lock\" > /dev/null\nif [ $? != 0 ] ; then\n    # print error to STDERR\n    echo \"error: The sandbox is not in sync with the Podfile.lock. Run 'pod install' or update your CocoaPods installation.\" >&2\n    exit 1\nfi\n# This output is used by Xcode 'outputs' to avoid re-running this script phase.\necho \"SUCCESS\" > \"${SCRIPT_OUTPUT_FILE_0}\"\n";
			showEnvVarsInLog = 0;
		};
		E1DB071FC3770661753F38C8 /* [CP] Check Pods Manifest.lock */ = {
			isa = PBXShellScriptBuildPhase;
			buildActionMask = 2147483647;
			files = (
			);
			inputPaths = (
				"${PODS_PODFILE_DIR_PATH}/Podfile.lock",
				"${PODS_ROOT}/Manifest.lock",
			);
			name = "[CP] Check Pods Manifest.lock";
			outputPaths = (
				"$(DERIVED_FILE_DIR)/Pods-Pokéteam-checkManifestLockResult.txt",
			);
			runOnlyForDeploymentPostprocessing = 0;
			shellPath = /bin/sh;
			shellScript = "diff \"${PODS_PODFILE_DIR_PATH}/Podfile.lock\" \"${PODS_ROOT}/Manifest.lock\" > /dev/null\nif [ $? != 0 ] ; then\n    # print error to STDERR\n    echo \"error: The sandbox is not in sync with the Podfile.lock. Run 'pod install' or update your CocoaPods installation.\" >&2\n    exit 1\nfi\n# This output is used by Xcode 'outputs' to avoid re-running this script phase.\necho \"SUCCESS\" > \"${SCRIPT_OUTPUT_FILE_0}\"\n";
			showEnvVarsInLog = 0;
		};
/* End PBXShellScriptBuildPhase section */

/* Begin PBXSourcesBuildPhase section */
		BE2FB98221CA05370041A62C /* Sources */ = {
			isa = PBXSourcesBuildPhase;
			buildActionMask = 2147483647;
			files = (
				BE2FB9B521CA08000041A62C /* PTPokeAPIDataSource.swift in Sources */,
				BEA112C821CC859400A376B3 /* PTNetworkingRequest.swift in Sources */,
				BEA112B721CC5BC100A376B3 /* PTStorageDataSource.swift in Sources */,
				BE2FB9B121CA06550041A62C /* PTListAllPokemonViewController.swift in Sources */,
				BE8B294121CB38CB00D884BC /* PTListAllTrainersViewController.swift in Sources */,
				BEA112CA21CC952800A376B3 /* PTInternalObject.swift in Sources */,
				BE8B293E21CB386C00D884BC /* PTTrainer.swift in Sources */,
				BEA112C321CC845400A376B3 /* PTPokemonType.swift in Sources */,
				BE8B294721CB41DD00D884BC /* PTTrainerDetailsViewController.swift in Sources */,
				BEA112B221CC596200A376B3 /* PTLoadDataViewController.swift in Sources */,
				BE8B293821CB173600D884BC /* PTPokemonTableViewCell.swift in Sources */,
				BEA112C121CC62B200A376B3 /* PTPokemonStat.swift in Sources */,
				BEA112BF21CC617B00A376B3 /* PTPokemonSprites.swift in Sources */,
				BE2FB9B821CA08140041A62C /* PTPokemon.swift in Sources */,
				BE2FB98A21CA05370041A62C /* AppDelegate.swift in Sources */,
				BE8D2EBC21CEF5A8002227F8 /* PTChoosePokemonViewController.swift in Sources */,
				BEA112C621CC858C00A376B3 /* PTNetworkingRequestManager.swift in Sources */,
				BEA112BA21CC5D2A00A376B3 /* PTPokemonAbility.swift in Sources */,
				BE9F2E7E21CB4B6D00AFCF8E /* PTConstants.swift in Sources */,
				BE9F2E7C21CB4A2E00AFCF8E /* PTTableViewSection.swift in Sources */,
				BE8B293C21CB18BF00D884BC /* PTImageCacheManager.swift in Sources */,
				BEA112BD21CC5F6800A376B3 /* PTGame.swift in Sources */,
			);
			runOnlyForDeploymentPostprocessing = 0;
		};
		BE2FB99921CA05390041A62C /* Sources */ = {
			isa = PBXSourcesBuildPhase;
			buildActionMask = 2147483647;
			files = (
				BE2FB9A221CA05390041A62C /* Poke_teamTests.swift in Sources */,
			);
			runOnlyForDeploymentPostprocessing = 0;
		};
/* End PBXSourcesBuildPhase section */

/* Begin PBXTargetDependency section */
		BE2FB99F21CA05390041A62C /* PBXTargetDependency */ = {
			isa = PBXTargetDependency;
			target = BE2FB98521CA05370041A62C /* Pokéteam */;
			targetProxy = BE2FB99E21CA05390041A62C /* PBXContainerItemProxy */;
		};
/* End PBXTargetDependency section */

/* Begin PBXVariantGroup section */
		BE2FB99521CA05390041A62C /* LaunchScreen.storyboard */ = {
			isa = PBXVariantGroup;
			children = (
				BE2FB99621CA05390041A62C /* Base */,
			);
			name = LaunchScreen.storyboard;
			sourceTree = "<group>";
		};
/* End PBXVariantGroup section */

/* Begin XCBuildConfiguration section */
		BE2FB9A421CA05390041A62C /* Debug */ = {
			isa = XCBuildConfiguration;
			buildSettings = {
				ALWAYS_SEARCH_USER_PATHS = NO;
				CLANG_ANALYZER_NONNULL = YES;
				CLANG_ANALYZER_NUMBER_OBJECT_CONVERSION = YES_AGGRESSIVE;
				CLANG_CXX_LANGUAGE_STANDARD = "gnu++14";
				CLANG_CXX_LIBRARY = "libc++";
				CLANG_ENABLE_MODULES = YES;
				CLANG_ENABLE_OBJC_ARC = YES;
				CLANG_ENABLE_OBJC_WEAK = YES;
				CLANG_WARN_BLOCK_CAPTURE_AUTORELEASING = YES;
				CLANG_WARN_BOOL_CONVERSION = YES;
				CLANG_WARN_COMMA = YES;
				CLANG_WARN_CONSTANT_CONVERSION = YES;
				CLANG_WARN_DEPRECATED_OBJC_IMPLEMENTATIONS = YES;
				CLANG_WARN_DIRECT_OBJC_ISA_USAGE = YES_ERROR;
				CLANG_WARN_DOCUMENTATION_COMMENTS = YES;
				CLANG_WARN_EMPTY_BODY = YES;
				CLANG_WARN_ENUM_CONVERSION = YES;
				CLANG_WARN_INFINITE_RECURSION = YES;
				CLANG_WARN_INT_CONVERSION = YES;
				CLANG_WARN_NON_LITERAL_NULL_CONVERSION = YES;
				CLANG_WARN_OBJC_IMPLICIT_RETAIN_SELF = YES;
				CLANG_WARN_OBJC_LITERAL_CONVERSION = YES;
				CLANG_WARN_OBJC_ROOT_CLASS = YES_ERROR;
				CLANG_WARN_RANGE_LOOP_ANALYSIS = YES;
				CLANG_WARN_STRICT_PROTOTYPES = YES;
				CLANG_WARN_SUSPICIOUS_MOVE = YES;
				CLANG_WARN_UNGUARDED_AVAILABILITY = YES_AGGRESSIVE;
				CLANG_WARN_UNREACHABLE_CODE = YES;
				CLANG_WARN__DUPLICATE_METHOD_MATCH = YES;
				CODE_SIGN_IDENTITY = "iPhone Developer";
				COPY_PHASE_STRIP = NO;
				DEBUG_INFORMATION_FORMAT = dwarf;
				ENABLE_STRICT_OBJC_MSGSEND = YES;
				ENABLE_TESTABILITY = YES;
				GCC_C_LANGUAGE_STANDARD = gnu11;
				GCC_DYNAMIC_NO_PIC = NO;
				GCC_NO_COMMON_BLOCKS = YES;
				GCC_OPTIMIZATION_LEVEL = 0;
				GCC_PREPROCESSOR_DEFINITIONS = (
					"DEBUG=1",
					"$(inherited)",
				);
				GCC_WARN_64_TO_32_BIT_CONVERSION = YES;
				GCC_WARN_ABOUT_RETURN_TYPE = YES_ERROR;
				GCC_WARN_UNDECLARED_SELECTOR = YES;
				GCC_WARN_UNINITIALIZED_AUTOS = YES_AGGRESSIVE;
				GCC_WARN_UNUSED_FUNCTION = YES;
				GCC_WARN_UNUSED_VARIABLE = YES;
				IPHONEOS_DEPLOYMENT_TARGET = 11.4;
				MTL_ENABLE_DEBUG_INFO = YES;
				ONLY_ACTIVE_ARCH = YES;
				SDKROOT = iphoneos;
				SWIFT_ACTIVE_COMPILATION_CONDITIONS = DEBUG;
				SWIFT_OPTIMIZATION_LEVEL = "-Onone";
			};
			name = Debug;
		};
		BE2FB9A521CA05390041A62C /* Release */ = {
			isa = XCBuildConfiguration;
			buildSettings = {
				ALWAYS_SEARCH_USER_PATHS = NO;
				CLANG_ANALYZER_NONNULL = YES;
				CLANG_ANALYZER_NUMBER_OBJECT_CONVERSION = YES_AGGRESSIVE;
				CLANG_CXX_LANGUAGE_STANDARD = "gnu++14";
				CLANG_CXX_LIBRARY = "libc++";
				CLANG_ENABLE_MODULES = YES;
				CLANG_ENABLE_OBJC_ARC = YES;
				CLANG_ENABLE_OBJC_WEAK = YES;
				CLANG_WARN_BLOCK_CAPTURE_AUTORELEASING = YES;
				CLANG_WARN_BOOL_CONVERSION = YES;
				CLANG_WARN_COMMA = YES;
				CLANG_WARN_CONSTANT_CONVERSION = YES;
				CLANG_WARN_DEPRECATED_OBJC_IMPLEMENTATIONS = YES;
				CLANG_WARN_DIRECT_OBJC_ISA_USAGE = YES_ERROR;
				CLANG_WARN_DOCUMENTATION_COMMENTS = YES;
				CLANG_WARN_EMPTY_BODY = YES;
				CLANG_WARN_ENUM_CONVERSION = YES;
				CLANG_WARN_INFINITE_RECURSION = YES;
				CLANG_WARN_INT_CONVERSION = YES;
				CLANG_WARN_NON_LITERAL_NULL_CONVERSION = YES;
				CLANG_WARN_OBJC_IMPLICIT_RETAIN_SELF = YES;
				CLANG_WARN_OBJC_LITERAL_CONVERSION = YES;
				CLANG_WARN_OBJC_ROOT_CLASS = YES_ERROR;
				CLANG_WARN_RANGE_LOOP_ANALYSIS = YES;
				CLANG_WARN_STRICT_PROTOTYPES = YES;
				CLANG_WARN_SUSPICIOUS_MOVE = YES;
				CLANG_WARN_UNGUARDED_AVAILABILITY = YES_AGGRESSIVE;
				CLANG_WARN_UNREACHABLE_CODE = YES;
				CLANG_WARN__DUPLICATE_METHOD_MATCH = YES;
				CODE_SIGN_IDENTITY = "iPhone Developer";
				COPY_PHASE_STRIP = NO;
				DEBUG_INFORMATION_FORMAT = "dwarf-with-dsym";
				ENABLE_NS_ASSERTIONS = NO;
				ENABLE_STRICT_OBJC_MSGSEND = YES;
				GCC_C_LANGUAGE_STANDARD = gnu11;
				GCC_NO_COMMON_BLOCKS = YES;
				GCC_WARN_64_TO_32_BIT_CONVERSION = YES;
				GCC_WARN_ABOUT_RETURN_TYPE = YES_ERROR;
				GCC_WARN_UNDECLARED_SELECTOR = YES;
				GCC_WARN_UNINITIALIZED_AUTOS = YES_AGGRESSIVE;
				GCC_WARN_UNUSED_FUNCTION = YES;
				GCC_WARN_UNUSED_VARIABLE = YES;
				IPHONEOS_DEPLOYMENT_TARGET = 11.4;
				MTL_ENABLE_DEBUG_INFO = NO;
				SDKROOT = iphoneos;
				SWIFT_COMPILATION_MODE = wholemodule;
				SWIFT_OPTIMIZATION_LEVEL = "-O";
				VALIDATE_PRODUCT = YES;
			};
			name = Release;
		};
		BE2FB9A721CA05390041A62C /* Debug */ = {
			isa = XCBuildConfiguration;
			baseConfigurationReference = FB667DA836EA78175394A5D2 /* Pods-Pokéteam.debug.xcconfig */;
			buildSettings = {
				ASSETCATALOG_COMPILER_APPICON_NAME = AppIcon;
				CODE_SIGN_STYLE = Automatic;
				DEVELOPMENT_TEAM = 95FQZ6MNT2;
				INFOPLIST_FILE = "$(SRCROOT)/Pokéteam/Supporting Files/Info.plist";
				LD_RUNPATH_SEARCH_PATHS = (
					"$(inherited)",
					"@executable_path/Frameworks",
				);
				PRODUCT_BUNDLE_IDENTIFIER = "com.laobalabs.Poke-team";
				PRODUCT_NAME = "$(TARGET_NAME)";
				SWIFT_VERSION = 4.0;
				TARGETED_DEVICE_FAMILY = "1,2";
			};
			name = Debug;
		};
		BE2FB9A821CA05390041A62C /* Release */ = {
			isa = XCBuildConfiguration;
			baseConfigurationReference = A353B98C169B421D3B900873 /* Pods-Pokéteam.release.xcconfig */;
			buildSettings = {
				ASSETCATALOG_COMPILER_APPICON_NAME = AppIcon;
				CODE_SIGN_STYLE = Automatic;
				DEVELOPMENT_TEAM = 95FQZ6MNT2;
				INFOPLIST_FILE = "$(SRCROOT)/Pokéteam/Supporting Files/Info.plist";
				LD_RUNPATH_SEARCH_PATHS = (
					"$(inherited)",
					"@executable_path/Frameworks",
				);
				PRODUCT_BUNDLE_IDENTIFIER = "com.laobalabs.Poke-team";
				PRODUCT_NAME = "$(TARGET_NAME)";
				SWIFT_VERSION = 4.0;
				TARGETED_DEVICE_FAMILY = "1,2";
			};
			name = Release;
		};
		BE2FB9AA21CA05390041A62C /* Debug */ = {
			isa = XCBuildConfiguration;
			baseConfigurationReference = 55709BEF194AF60DC0BD3003 /* Pods-PokéteamTests.debug.xcconfig */;
			buildSettings = {
				ALWAYS_EMBED_SWIFT_STANDARD_LIBRARIES = YES;
				BUNDLE_LOADER = "$(TEST_HOST)";
				CODE_SIGN_STYLE = Automatic;
				DEVELOPMENT_TEAM = 95FQZ6MNT2;
				INFOPLIST_FILE = "PokéteamTests/Info.plist";
				LD_RUNPATH_SEARCH_PATHS = (
					"$(inherited)",
					"@executable_path/Frameworks",
					"@loader_path/Frameworks",
				);
				PRODUCT_BUNDLE_IDENTIFIER = "com.laobalabs.Poke-teamTests";
				PRODUCT_NAME = "$(TARGET_NAME)";
				SWIFT_VERSION = 4.0;
				TARGETED_DEVICE_FAMILY = "1,2";
				TEST_HOST = "$(BUILT_PRODUCTS_DIR)/Pokéteam.app/Pokéteam";
			};
			name = Debug;
		};
		BE2FB9AB21CA05390041A62C /* Release */ = {
			isa = XCBuildConfiguration;
			baseConfigurationReference = F920D4C693B301E87B90CBB0 /* Pods-PokéteamTests.release.xcconfig */;
			buildSettings = {
				ALWAYS_EMBED_SWIFT_STANDARD_LIBRARIES = YES;
				BUNDLE_LOADER = "$(TEST_HOST)";
				CODE_SIGN_STYLE = Automatic;
				DEVELOPMENT_TEAM = 95FQZ6MNT2;
				INFOPLIST_FILE = "PokéteamTests/Info.plist";
				LD_RUNPATH_SEARCH_PATHS = (
					"$(inherited)",
					"@executable_path/Frameworks",
					"@loader_path/Frameworks",
				);
				PRODUCT_BUNDLE_IDENTIFIER = "com.laobalabs.Poke-teamTests";
				PRODUCT_NAME = "$(TARGET_NAME)";
				SWIFT_VERSION = 4.0;
				TARGETED_DEVICE_FAMILY = "1,2";
				TEST_HOST = "$(BUILT_PRODUCTS_DIR)/Pokéteam.app/Pokéteam";
			};
			name = Release;
		};
/* End XCBuildConfiguration section */

/* Begin XCConfigurationList section */
		BE2FB98121CA05370041A62C /* Build configuration list for PBXProject "Pokéteam" */ = {
			isa = XCConfigurationList;
			buildConfigurations = (
				BE2FB9A421CA05390041A62C /* Debug */,
				BE2FB9A521CA05390041A62C /* Release */,
			);
			defaultConfigurationIsVisible = 0;
			defaultConfigurationName = Release;
		};
		BE2FB9A621CA05390041A62C /* Build configuration list for PBXNativeTarget "Pokéteam" */ = {
			isa = XCConfigurationList;
			buildConfigurations = (
				BE2FB9A721CA05390041A62C /* Debug */,
				BE2FB9A821CA05390041A62C /* Release */,
			);
			defaultConfigurationIsVisible = 0;
			defaultConfigurationName = Release;
		};
		BE2FB9A921CA05390041A62C /* Build configuration list for PBXNativeTarget "PokéteamTests" */ = {
			isa = XCConfigurationList;
			buildConfigurations = (
				BE2FB9AA21CA05390041A62C /* Debug */,
				BE2FB9AB21CA05390041A62C /* Release */,
			);
			defaultConfigurationIsVisible = 0;
			defaultConfigurationName = Release;
		};
/* End XCConfigurationList section */
	};
	rootObject = BE2FB97E21CA05370041A62C /* Project object */;
}
